
Microsoft Visual Studio Solution File, Format Version 12.00
# Visual Studio Version 16
VisualStudioVersion = 16.0.31112.23
MinimumVisualStudioVersion = 10.0.40219.1
Project("{FAE04EC0-301F-11D3-BF4B-00C04F79EFBC}") = "Parcial2_NicollNina", "Parcial2_NicollNina\Parcial2_NicollNina.csproj", "{5EC0877D-1724-4098-B6A7-1B58BDF6F469}"
EndProject
Global
	GlobalSection(SolutionConfigurationPlatforms) = preSolution
		Debug|Any CPU = Debug|Any CPU
		Release|Any CPU = Release|Any CPU
	EndGlobalSection
	GlobalSection(ProjectConfigurationPlatforms) = postSolution
		{5EC0877D-1724-4098-B6A7-1B58BDF6F469}.Debug|Any CPU.ActiveCfg = Debug|Any CPU
		{5EC0877D-1724-4098-B6A7-1B58BDF6F469}.Debug|Any CPU.Build.0 = Debug|Any CPU
		{5EC0877D-1724-4098-B6A7-1B58BDF6F469}.Release|Any CPU.ActiveCfg = Release|Any CPU
		{5EC0877D-1724-4098-B6A7-1B58BDF6F469}.Release|Any CPU.Build.0 = Release|Any CPU
	EndGlobalSection
	GlobalSection(SolutionProperties) = preSolution
		HideSolutionNode = FALSE
	EndGlobalSection
	GlobalSection(ExtensibilityGlobals) = postSolution
		SolutionGuid = {E78ABC58-59B1-4353-A58A-5E619F5D8973}
	EndGlobalSection
EndGlobal
